
Microsoft Visual Studio Solution File, Format Version 12.00
# Visual Studio 2013
VisualStudioVersion = 12.0.21005.1
MinimumVisualStudioVersion = 10.0.40219.1
Project("{2150E333-8FDC-42A3-9474-1A3956D46DE8}") = ".nuget", ".nuget", "{F0FD5BBA-E45F-4065-B934-EB553E528BC0}"
	ProjectSection(SolutionItems) = preProject
		.nuget\NuGet.Config = .nuget\NuGet.Config
		.nuget\NuGet.exe = .nuget\NuGet.exe
		.nuget\NuGet.targets = .nuget\NuGet.targets
	EndProjectSection
EndProject
Project("{2150E333-8FDC-42A3-9474-1A3956D46DE8}") = "ILMerge", "ILMerge", "{308DB94C-9577-4481-A897-95FE9DFBD1DF}"
	ProjectSection(SolutionItems) = preProject
		ILMerge\How to get ILMerge.txt = ILMerge\How to get ILMerge.txt
	EndProjectSection
EndProject
Project("{F2A71F9B-5D33-465A-A702-920D77279786}") = "ScrollBall", "ScrollBall\ScrollBall.fsproj", "{8F1DF30D-563D-42D3-9054-A30E965C7146}"
EndProject
Project("{2150E333-8FDC-42A3-9474-1A3956D46DE8}") = "Solution Items", "Solution Items", "{B5DB6573-CD64-4E60-9A4E-A4790A9BEB28}"
	ProjectSection(SolutionItems) = preProject
		CREDITS = CREDITS
		LICENSE = LICENSE
		README.md = README.md
	EndProjectSection
EndProject
Project("{F2A71F9B-5D33-465A-A702-920D77279786}") = "HIDManip", "HIDManip\HIDManip\HIDManip.fsproj", "{BE7BC78A-22D2-4EAF-8D7A-5AC1A720204B}"
EndProject
Global
	GlobalSection(SolutionConfigurationPlatforms) = preSolution
		Debug|Any CPU = Debug|Any CPU
		Release|Any CPU = Release|Any CPU
	EndGlobalSection
	GlobalSection(ProjectConfigurationPlatforms) = postSolution
		{8F1DF30D-563D-42D3-9054-A30E965C7146}.Debug|Any CPU.ActiveCfg = Debug|Any CPU
		{8F1DF30D-563D-42D3-9054-A30E965C7146}.Debug|Any CPU.Build.0 = Debug|Any CPU
		{8F1DF30D-563D-42D3-9054-A30E965C7146}.Release|Any CPU.ActiveCfg = Release|Any CPU
		{8F1DF30D-563D-42D3-9054-A30E965C7146}.Release|Any CPU.Build.0 = Release|Any CPU
		{BE7BC78A-22D2-4EAF-8D7A-5AC1A720204B}.Debug|Any CPU.ActiveCfg = Debug|Any CPU
		{BE7BC78A-22D2-4EAF-8D7A-5AC1A720204B}.Debug|Any CPU.Build.0 = Debug|Any CPU
		{BE7BC78A-22D2-4EAF-8D7A-5AC1A720204B}.Release|Any CPU.ActiveCfg = Release|Any CPU
		{BE7BC78A-22D2-4EAF-8D7A-5AC1A720204B}.Release|Any CPU.Build.0 = Release|Any CPU
	EndGlobalSection
	GlobalSection(SolutionProperties) = preSolution
		HideSolutionNode = FALSE
	EndGlobalSection
	GlobalSection(Performance) = preSolution
		HasPerformanceSessions = true
	EndGlobalSection
EndGlobal
